// !$*UTF8*$!
{
	archiveVersion = 1;
	classes = {
	};
	objectVersion = 48;
	objects = {

/* Begin PBXBuildFile section */
		181B1E2C1FE59EE100AC07FA /* Info.plist in Resources */ = {isa = PBXBuildFile; fileRef = 181B1E2B1FE59EE100AC07FA /* Info.plist */; };
		181B1E2E1FE5E8DF00AC07FA /* MySerice.swift in Sources */ = {isa = PBXBuildFile; fileRef = 181B1E2D1FE5E8DF00AC07FA /* MySerice.swift */; };
		181BDDEC1FE55FBF00CF83A6 /* AppDelegate.swift in Sources */ = {isa = PBXBuildFile; fileRef = 181BDDEB1FE55FBF00CF83A6 /* AppDelegate.swift */; };
		181BDDEE1FE55FBF00CF83A6 /* MoviesViewController.swift in Sources */ = {isa = PBXBuildFile; fileRef = 181BDDED1FE55FBF00CF83A6 /* MoviesViewController.swift */; };
		181BDDF11FE55FBF00CF83A6 /* Main.storyboard in Resources */ = {isa = PBXBuildFile; fileRef = 181BDDEF1FE55FBF00CF83A6 /* Main.storyboard */; };
		181BDDF31FE55FBF00CF83A6 /* Assets.xcassets in Resources */ = {isa = PBXBuildFile; fileRef = 181BDDF21FE55FBF00CF83A6 /* Assets.xcassets */; };
		181BDDF61FE55FBF00CF83A6 /* LaunchScreen.storyboard in Resources */ = {isa = PBXBuildFile; fileRef = 181BDDF41FE55FBF00CF83A6 /* LaunchScreen.storyboard */; };
		C8C529536F23C4DE283ACA25 /* Pods_YTC_Mobile_Client.framework in Frameworks */ = {isa = PBXBuildFile; fileRef = 386FB762E44CB4BFB943BE44 /* Pods_YTC_Mobile_Client.framework */; };
/* End PBXBuildFile section */

/* Begin PBXFileReference section */
		181B1E2B1FE59EE100AC07FA /* Info.plist */ = {isa = PBXFileReference; fileEncoding = 4; lastKnownFileType = text.plist.xml; name = Info.plist; path = "../../../Ask-Us/AskUs/Info.plist"; sourceTree = "<group>"; };
		181B1E2D1FE5E8DF00AC07FA /* MySerice.swift */ = {isa = PBXFileReference; lastKnownFileType = sourcecode.swift; path = MySerice.swift; sourceTree = "<group>"; };
		181BDDE81FE55FBF00CF83A6 /* YTC Mobile Client.app */ = {isa = PBXFileReference; explicitFileType = wrapper.application; includeInIndex = 0; path = "YTC Mobile Client.app"; sourceTree = BUILT_PRODUCTS_DIR; };
		181BDDEB1FE55FBF00CF83A6 /* AppDelegate.swift */ = {isa = PBXFileReference; lastKnownFileType = sourcecode.swift; path = AppDelegate.swift; sourceTree = "<group>"; };
		181BDDED1FE55FBF00CF83A6 /* MoviesViewController.swift */ = {isa = PBXFileReference; lastKnownFileType = sourcecode.swift; path = MoviesViewController.swift; sourceTree = "<group>"; };
		181BDDF01FE55FBF00CF83A6 /* Base */ = {isa = PBXFileReference; lastKnownFileType = file.storyboard; name = Base; path = Base.lproj/Main.storyboard; sourceTree = "<group>"; };
		181BDDF21FE55FBF00CF83A6 /* Assets.xcassets */ = {isa = PBXFileReference; lastKnownFileType = folder.assetcatalog; path = Assets.xcassets; sourceTree = "<group>"; };
		181BDDF51FE55FBF00CF83A6 /* Base */ = {isa = PBXFileReference; lastKnownFileType = file.storyboard; name = Base; path = Base.lproj/LaunchScreen.storyboard; sourceTree = "<group>"; };
		386FB762E44CB4BFB943BE44 /* Pods_YTC_Mobile_Client.framework */ = {isa = PBXFileReference; explicitFileType = wrapper.framework; includeInIndex = 0; path = Pods_YTC_Mobile_Client.framework; sourceTree = BUILT_PRODUCTS_DIR; };
		3DF682BB143AF11C6850458F /* Pods-YTC Mobile Client.release.xcconfig */ = {isa = PBXFileReference; includeInIndex = 1; lastKnownFileType = text.xcconfig; name = "Pods-YTC Mobile Client.release.xcconfig"; path = "Pods/Target Support Files/Pods-YTC Mobile Client/Pods-YTC Mobile Client.release.xcconfig"; sourceTree = "<group>"; };
		ABA92063CD1DC1FB8D2929B1 /* Pods-YTC Mobile Client.debug.xcconfig */ = {isa = PBXFileReference; includeInIndex = 1; lastKnownFileType = text.xcconfig; name = "Pods-YTC Mobile Client.debug.xcconfig"; path = "Pods/Target Support Files/Pods-YTC Mobile Client/Pods-YTC Mobile Client.debug.xcconfig"; sourceTree = "<group>"; };
/* End PBXFileReference section */

/* Begin PBXFrameworksBuildPhase section */
		181BDDE51FE55FBF00CF83A6 /* Frameworks */ = {
			isa = PBXFrameworksBuildPhase;
			buildActionMask = 2147483647;
			files = (
				C8C529536F23C4DE283ACA25 /* Pods_YTC_Mobile_Client.framework in Frameworks */,
			);
			runOnlyForDeploymentPostprocessing = 0;
		};
/* End PBXFrameworksBuildPhase section */

/* Begin PBXGroup section */
		181BDDDF1FE55FBF00CF83A6 = {
			isa = PBXGroup;
			children = (
				181BDDEA1FE55FBF00CF83A6 /* YTC Mobile Client */,
				181BDDE91FE55FBF00CF83A6 /* Products */,
				724476EA0F4457F12694790B /* Pods */,
				B6FA1BAEC37FEE4672E491E2 /* Frameworks */,
			);
			sourceTree = "<group>";
		};
		181BDDE91FE55FBF00CF83A6 /* Products */ = {
			isa = PBXGroup;
			children = (
				181BDDE81FE55FBF00CF83A6 /* YTC Mobile Client.app */,
			);
			name = Products;
			sourceTree = "<group>";
		};
		181BDDEA1FE55FBF00CF83A6 /* YTC Mobile Client */ = {
			isa = PBXGroup;
			children = (
				181BDDEB1FE55FBF00CF83A6 /* AppDelegate.swift */,
				181BDDFE1FE5602200CF83A6 /* ViewControllers */,
				181BDDFD1FE5601900CF83A6 /* Resources */,
			);
			path = "YTC Mobile Client";
			sourceTree = "<group>";
		};
		181BDDFD1FE5601900CF83A6 /* Resources */ = {
			isa = PBXGroup;
			children = (
				181BDDEF1FE55FBF00CF83A6 /* Main.storyboard */,
				181BDDF21FE55FBF00CF83A6 /* Assets.xcassets */,
				181B1E2B1FE59EE100AC07FA /* Info.plist */,
				181BDDF41FE55FBF00CF83A6 /* LaunchScreen.storyboard */,
			);
			path = Resources;
			sourceTree = "<group>";
		};
		181BDDFE1FE5602200CF83A6 /* ViewControllers */ = {
			isa = PBXGroup;
			children = (
				181BDDED1FE55FBF00CF83A6 /* MoviesViewController.swift */,
				181B1E2D1FE5E8DF00AC07FA /* MySerice.swift */,
			);
			path = ViewControllers;
			sourceTree = "<group>";
		};
		724476EA0F4457F12694790B /* Pods */ = {
			isa = PBXGroup;
			children = (
				ABA92063CD1DC1FB8D2929B1 /* Pods-YTC Mobile Client.debug.xcconfig */,
				3DF682BB143AF11C6850458F /* Pods-YTC Mobile Client.release.xcconfig */,
			);
			name = Pods;
			sourceTree = "<group>";
		};
		B6FA1BAEC37FEE4672E491E2 /* Frameworks */ = {
			isa = PBXGroup;
			children = (
				386FB762E44CB4BFB943BE44 /* Pods_YTC_Mobile_Client.framework */,
			);
			name = Frameworks;
			sourceTree = "<group>";
		};
/* End PBXGroup section */

/* Begin PBXNativeTarget section */
		181BDDE71FE55FBF00CF83A6 /* YTC Mobile Client */ = {
			isa = PBXNativeTarget;
			buildConfigurationList = 181BDDFA1FE55FBF00CF83A6 /* Build configuration list for PBXNativeTarget "YTC Mobile Client" */;
			buildPhases = (
				04339C6EAB428C1589621F87 /* [CP] Check Pods Manifest.lock */,
				181BDDE41FE55FBF00CF83A6 /* Sources */,
				181BDDE51FE55FBF00CF83A6 /* Frameworks */,
				181BDDE61FE55FBF00CF83A6 /* Resources */,
				F3F567C4B2E4AFB1AE6CA7C0 /* [CP] Embed Pods Frameworks */,
				319F8FA7C005AC64537E5E37 /* [CP] Copy Pods Resources */,
			);
			buildRules = (
			);
			dependencies = (
			);
			name = "YTC Mobile Client";
			productName = "YTC Mobile Client";
			productReference = 181BDDE81FE55FBF00CF83A6 /* YTC Mobile Client.app */;
			productType = "com.apple.product-type.application";
		};
/* End PBXNativeTarget section */

/* Begin PBXProject section */
		181BDDE01FE55FBF00CF83A6 /* Project object */ = {
			isa = PBXProject;
			attributes = {
				LastSwiftUpdateCheck = 0910;
				LastUpgradeCheck = 0910;
				ORGANIZATIONNAME = sharpmobile;
				TargetAttributes = {
					181BDDE71FE55FBF00CF83A6 = {
						CreatedOnToolsVersion = 9.1;
						ProvisioningStyle = Automatic;
					};
				};
			};
			buildConfigurationList = 181BDDE31FE55FBF00CF83A6 /* Build configuration list for PBXProject "YTC Mobile Client" */;
			compatibilityVersion = "Xcode 8.0";
			developmentRegion = en;
			hasScannedForEncodings = 0;
			knownRegions = (
				en,
				Base,
			);
			mainGroup = 181BDDDF1FE55FBF00CF83A6;
			productRefGroup = 181BDDE91FE55FBF00CF83A6 /* Products */;
			projectDirPath = "";
			projectRoot = "";
			targets = (
				181BDDE71FE55FBF00CF83A6 /* YTC Mobile Client */,
			);
		};
/* End PBXProject section */

/* Begin PBXResourcesBuildPhase section */
		181BDDE61FE55FBF00CF83A6 /* Resources */ = {
			isa = PBXResourcesBuildPhase;
			buildActionMask = 2147483647;
			files = (
				181B1E2C1FE59EE100AC07FA /* Info.plist in Resources */,
				181BDDF61FE55FBF00CF83A6 /* LaunchScreen.storyboard in Resources */,
				181BDDF31FE55FBF00CF83A6 /* Assets.xcassets in Resources */,
				181BDDF11FE55FBF00CF83A6 /* Main.storyboard in Resources */,
			);
			runOnlyForDeploymentPostprocessing = 0;
		};
/* End PBXResourcesBuildPhase section */

/* Begin PBXShellScriptBuildPhase section */
		04339C6EAB428C1589621F87 /* [CP] Check Pods Manifest.lock */ = {
			isa = PBXShellScriptBuildPhase;
			buildActionMask = 2147483647;
			files = (
			);
			inputPaths = (
			);
			name = "[CP] Check Pods Manifest.lock";
			outputPaths = (
			);
			runOnlyForDeploymentPostprocessing = 0;
			shellPath = /bin/sh;
			shellScript = "diff \"${PODS_ROOT}/../Podfile.lock\" \"${PODS_ROOT}/Manifest.lock\" > /dev/null\nif [ $? != 0 ] ; then\n    # print error to STDERR\n    echo \"error: The sandbox is not in sync with the Podfile.lock. Run 'pod install' or update your CocoaPods installation.\" >&2\n    exit 1\nfi\n";
			showEnvVarsInLog = 0;
		};
		319F8FA7C005AC64537E5E37 /* [CP] Copy Pods Resources */ = {
			isa = PBXShellScriptBuildPhase;
			buildActionMask = 2147483647;
			files = (
			);
			inputPaths = (
			);
			name = "[CP] Copy Pods Resources";
			outputPaths = (
			);
			runOnlyForDeploymentPostprocessing = 0;
			shellPath = /bin/sh;
			shellScript = "\"${SRCROOT}/Pods/Target Support Files/Pods-YTC Mobile Client/Pods-YTC Mobile Client-resources.sh\"\n";
			showEnvVarsInLog = 0;
		};
		F3F567C4B2E4AFB1AE6CA7C0 /* [CP] Embed Pods Frameworks */ = {
			isa = PBXShellScriptBuildPhase;
			buildActionMask = 2147483647;
			files = (
			);
			inputPaths = (
			);
			name = "[CP] Embed Pods Frameworks";
			outputPaths = (
			);
			runOnlyForDeploymentPostprocessing = 0;
			shellPath = /bin/sh;
			shellScript = "\"${SRCROOT}/Pods/Target Support Files/Pods-YTC Mobile Client/Pods-YTC Mobile Client-frameworks.sh\"\n";
			showEnvVarsInLog = 0;
		};
/* End PBXShellScriptBuildPhase section */

/* Begin PBXSourcesBuildPhase section */
		181BDDE41FE55FBF00CF83A6 /* Sources */ = {
			isa = PBXSourcesBuildPhase;
			buildActionMask = 2147483647;
			files = (
				181BDDEE1FE55FBF00CF83A6 /* MoviesViewController.swift in Sources */,
				181B1E2E1FE5E8DF00AC07FA /* MySerice.swift in Sources */,
				181BDDEC1FE55FBF00CF83A6 /* AppDelegate.swift in Sources */,
			);
			runOnlyForDeploymentPostprocessing = 0;
		};
/* End PBXSourcesBuildPhase section */

/* Begin PBXVariantGroup section */
		181BDDEF1FE55FBF00CF83A6 /* Main.storyboard */ = {
			isa = PBXVariantGroup;
			children = (
				181BDDF01FE55FBF00CF83A6 /* Base */,
			);
			name = Main.storyboard;
			sourceTree = "<group>";
		};
		181BDDF41FE55FBF00CF83A6 /* LaunchScreen.storyboard */ = {
			isa = PBXVariantGroup;
			children = (
				181BDDF51FE55FBF00CF83A6 /* Base */,
			);
			name = LaunchScreen.storyboard;
			sourceTree = "<group>";
		};
/* End PBXVariantGroup section */

/* Begin XCBuildConfiguration section */
		181BDDF81FE55FBF00CF83A6 /* Debug */ = {
			isa = XCBuildConfiguration;
			buildSettings = {
				ALWAYS_SEARCH_USER_PATHS = NO;
				CLANG_ANALYZER_NONNULL = YES;
				CLANG_ANALYZER_NUMBER_OBJECT_CONVERSION = YES_AGGRESSIVE;
				CLANG_CXX_LANGUAGE_STANDARD = "gnu++14";
				CLANG_CXX_LIBRARY = "libc++";
				CLANG_ENABLE_MODULES = YES;
				CLANG_ENABLE_OBJC_ARC = YES;
				CLANG_WARN_BLOCK_CAPTURE_AUTORELEASING = YES;
				CLANG_WARN_BOOL_CONVERSION = YES;
				CLANG_WARN_COMMA = YES;
				CLANG_WARN_CONSTANT_CONVERSION = YES;
				CLANG_WARN_DIRECT_OBJC_ISA_USAGE = YES_ERROR;
				CLANG_WARN_DOCUMENTATION_COMMENTS = YES;
				CLANG_WARN_EMPTY_BODY = YES;
				CLANG_WARN_ENUM_CONVERSION = YES;
				CLANG_WARN_INFINITE_RECURSION = YES;
				CLANG_WARN_INT_CONVERSION = YES;
				CLANG_WARN_NON_LITERAL_NULL_CONVERSION = YES;
				CLANG_WARN_OBJC_LITERAL_CONVERSION = YES;
				CLANG_WARN_OBJC_ROOT_CLASS = YES_ERROR;
				CLANG_WARN_RANGE_LOOP_ANALYSIS = YES;
				CLANG_WARN_STRICT_PROTOTYPES = YES;
				CLANG_WARN_SUSPICIOUS_MOVE = YES;
				CLANG_WARN_UNGUARDED_AVAILABILITY = YES_AGGRESSIVE;
				CLANG_WARN_UNREACHABLE_CODE = YES;
				CLANG_WARN__DUPLICATE_METHOD_MATCH = YES;
				CODE_SIGN_IDENTITY = "iPhone Developer";
				COPY_PHASE_STRIP = NO;
				DEBUG_INFORMATION_FORMAT = dwarf;
				ENABLE_STRICT_OBJC_MSGSEND = YES;
				ENABLE_TESTABILITY = YES;
				GCC_C_LANGUAGE_STANDARD = gnu11;
				GCC_DYNAMIC_NO_PIC = NO;
				GCC_NO_COMMON_BLOCKS = YES;
				GCC_OPTIMIZATION_LEVEL = 0;
				GCC_PREPROCESSOR_DEFINITIONS = (
					"DEBUG=1",
					"$(inherited)",
				);
				GCC_WARN_64_TO_32_BIT_CONVERSION = YES;
				GCC_WARN_ABOUT_RETURN_TYPE = YES_ERROR;
				GCC_WARN_UNDECLARED_SELECTOR = YES;
				GCC_WARN_UNINITIALIZED_AUTOS = YES_AGGRESSIVE;
				GCC_WARN_UNUSED_FUNCTION = YES;
				GCC_WARN_UNUSED_VARIABLE = YES;
				IPHONEOS_DEPLOYMENT_TARGET = 9.0;
				MTL_ENABLE_DEBUG_INFO = YES;
				ONLY_ACTIVE_ARCH = YES;
				SDKROOT = iphoneos;
				SWIFT_ACTIVE_COMPILATION_CONDITIONS = DEBUG;
				SWIFT_OPTIMIZATION_LEVEL = "-Onone";
			};
			name = Debug;
		};
		181BDDF91FE55FBF00CF83A6 /* Release */ = {
			isa = XCBuildConfiguration;
			buildSettings = {
				ALWAYS_SEARCH_USER_PATHS = NO;
				CLANG_ANALYZER_NONNULL = YES;
				CLANG_ANALYZER_NUMBER_OBJECT_CONVERSION = YES_AGGRESSIVE;
				CLANG_CXX_LANGUAGE_STANDARD = "gnu++14";
				CLANG_CXX_LIBRARY = "libc++";
				CLANG_ENABLE_MODULES = YES;
				CLANG_ENABLE_OBJC_ARC = YES;
				CLANG_WARN_BLOCK_CAPTURE_AUTORELEASING = YES;
				CLANG_WARN_BOOL_CONVERSION = YES;
				CLANG_WARN_COMMA = YES;
				CLANG_WARN_CONSTANT_CONVERSION = YES;
				CLANG_WARN_DIRECT_OBJC_ISA_USAGE = YES_ERROR;
				CLANG_WARN_DOCUMENTATION_COMMENTS = YES;
				CLANG_WARN_EMPTY_BODY = YES;
				CLANG_WARN_ENUM_CONVERSION = YES;
				CLANG_WARN_INFINITE_RECURSION = YES;
				CLANG_WARN_INT_CONVERSION = YES;
				CLANG_WARN_NON_LITERAL_NULL_CONVERSION = YES;
				CLANG_WARN_OBJC_LITERAL_CONVERSION = YES;
				CLANG_WARN_OBJC_ROOT_CLASS = YES_ERROR;
				CLANG_WARN_RANGE_LOOP_ANALYSIS = YES;
				CLANG_WARN_STRICT_PROTOTYPES = YES;
				CLANG_WARN_SUSPICIOUS_MOVE = YES;
				CLANG_WARN_UNGUARDED_AVAILABILITY = YES_AGGRESSIVE;
				CLANG_WARN_UNREACHABLE_CODE = YES;
				CLANG_WARN__DUPLICATE_METHOD_MATCH = YES;
				CODE_SIGN_IDENTITY = "iPhone Developer";
				COPY_PHASE_STRIP = NO;
				DEBUG_INFORMATION_FORMAT = "dwarf-with-dsym";
				ENABLE_NS_ASSERTIONS = NO;
				ENABLE_STRICT_OBJC_MSGSEND = YES;
				GCC_C_LANGUAGE_STANDARD = gnu11;
				GCC_NO_COMMON_BLOCKS = YES;
				GCC_WARN_64_TO_32_BIT_CONVERSION = YES;
				GCC_WARN_ABOUT_RETURN_TYPE = YES_ERROR;
				GCC_WARN_UNDECLARED_SELECTOR = YES;
				GCC_WARN_UNINITIALIZED_AUTOS = YES_AGGRESSIVE;
				GCC_WARN_UNUSED_FUNCTION = YES;
				GCC_WARN_UNUSED_VARIABLE = YES;
				IPHONEOS_DEPLOYMENT_TARGET = 9.0;
				MTL_ENABLE_DEBUG_INFO = NO;
				SDKROOT = iphoneos;
				SWIFT_OPTIMIZATION_LEVEL = "-Owholemodule";
				VALIDATE_PRODUCT = YES;
			};
			name = Release;
		};
		181BDDFB1FE55FBF00CF83A6 /* Debug */ = {
			isa = XCBuildConfiguration;
			baseConfigurationReference = ABA92063CD1DC1FB8D2929B1 /* Pods-YTC Mobile Client.debug.xcconfig */;
			buildSettings = {
				ASSETCATALOG_COMPILER_APPICON_NAME = AppIcon;
				CODE_SIGN_STYLE = Automatic;
				DEVELOPMENT_TEAM = G473WWFEN9;
				INFOPLIST_FILE = "YTC Mobile Client/Info.plist";
				IPHONEOS_DEPLOYMENT_TARGET = 9.0;
				LD_RUNPATH_SEARCH_PATHS = "$(inherited) @executable_path/Frameworks";
				PRODUCT_BUNDLE_IDENTIFIER = "ca.sharpmobile.ytsmoviesclient.YTC-Mobile-Client";
				PRODUCT_NAME = "$(TARGET_NAME)";
				SWIFT_VERSION = 4.0;
				TARGETED_DEVICE_FAMILY = "1,2";
			};
			name = Debug;
		};
		181BDDFC1FE55FBF00CF83A6 /* Release */ = {
			isa = XCBuildConfiguration;
			baseConfigurationReference = 3DF682BB143AF11C6850458F /* Pods-YTC Mobile Client.release.xcconfig */;
			buildSettings = {
				ASSETCATALOG_COMPILER_APPICON_NAME = AppIcon;
				CODE_SIGN_STYLE = Automatic;
				DEVELOPMENT_TEAM = G473WWFEN9;
				INFOPLIST_FILE = "YTC Mobile Client/Info.plist";
				IPHONEOS_DEPLOYMENT_TARGET = 9.0;
				LD_RUNPATH_SEARCH_PATHS = "$(inherited) @executable_path/Frameworks";
				PRODUCT_BUNDLE_IDENTIFIER = "ca.sharpmobile.ytsmoviesclient.YTC-Mobile-Client";
				PRODUCT_NAME = "$(TARGET_NAME)";
				SWIFT_VERSION = 4.0;
				TARGETED_DEVICE_FAMILY = "1,2";
			};
			name = Release;
		};
/* End XCBuildConfiguration section */

/* Begin XCConfigurationList section */
		181BDDE31FE55FBF00CF83A6 /* Build configuration list for PBXProject "YTC Mobile Client" */ = {
			isa = XCConfigurationList;
			buildConfigurations = (
				181BDDF81FE55FBF00CF83A6 /* Debug */,
				181BDDF91FE55FBF00CF83A6 /* Release */,
			);
			defaultConfigurationIsVisible = 0;
			defaultConfigurationName = Release;
		};
		181BDDFA1FE55FBF00CF83A6 /* Build configuration list for PBXNativeTarget "YTC Mobile Client" */ = {
			isa = XCConfigurationList;
			buildConfigurations = (
				181BDDFB1FE55FBF00CF83A6 /* Debug */,
				181BDDFC1FE55FBF00CF83A6 /* Release */,
			);
			defaultConfigurationIsVisible = 0;
			defaultConfigurationName = Release;
		};
/* End XCConfigurationList section */
	};
	rootObject = 181BDDE01FE55FBF00CF83A6 /* Project object */;
}
